// !$*UTF8*$!
{
	archiveVersion = 1;
	classes = {
	};
	objectVersion = 55;
	objects = {

/* Begin PBXBuildFile section */
		83E2FD4B2771D962001DC670 /* CrawlerApp.swift in Sources */ = {isa = PBXBuildFile; fileRef = 83E2FD4A2771D962001DC670 /* CrawlerApp.swift */; };
		83E2FD4D2771D962001DC670 /* ContentView.swift in Sources */ = {isa = PBXBuildFile; fileRef = 83E2FD4C2771D962001DC670 /* ContentView.swift */; };
		83E2FD4F2771D963001DC670 /* Assets.xcassets in Resources */ = {isa = PBXBuildFile; fileRef = 83E2FD4E2771D963001DC670 /* Assets.xcassets */; };
		83E2FD522771D963001DC670 /* Preview Assets.xcassets in Resources */ = {isa = PBXBuildFile; fileRef = 83E2FD512771D963001DC670 /* Preview Assets.xcassets */; };
		83E2FD5D2771D963001DC670 /* CrawlerTests.swift in Sources */ = {isa = PBXBuildFile; fileRef = 83E2FD5C2771D963001DC670 /* CrawlerTests.swift */; };
		83E2FD672771D963001DC670 /* CrawlerUITests.swift in Sources */ = {isa = PBXBuildFile; fileRef = 83E2FD662771D963001DC670 /* CrawlerUITests.swift */; };
		83E2FD692771D963001DC670 /* CrawlerUITestsLaunchTests.swift in Sources */ = {isa = PBXBuildFile; fileRef = 83E2FD682771D963001DC670 /* CrawlerUITestsLaunchTests.swift */; };
		83E2FD762771D977001DC670 /* Crawler.swift in Sources */ = {isa = PBXBuildFile; fileRef = 83E2FD752771D977001DC670 /* Crawler.swift */; };
/* End PBXBuildFile section */

/* Begin PBXContainerItemProxy section */
		83E2FD592771D963001DC670 /* PBXContainerItemProxy */ = {
			isa = PBXContainerItemProxy;
			containerPortal = 83E2FD3F2771D962001DC670 /* Project object */;
			proxyType = 1;
			remoteGlobalIDString = 83E2FD462771D962001DC670;
			remoteInfo = Crawler;
		};
		83E2FD632771D963001DC670 /* PBXContainerItemProxy */ = {
			isa = PBXContainerItemProxy;
			containerPortal = 83E2FD3F2771D962001DC670 /* Project object */;
			proxyType = 1;
			remoteGlobalIDString = 83E2FD462771D962001DC670;
			remoteInfo = Crawler;
		};
/* End PBXContainerItemProxy section */

/* Begin PBXFileReference section */
		83E2FD472771D962001DC670 /* Crawler.app */ = {isa = PBXFileReference; explicitFileType = wrapper.application; includeInIndex = 0; path = Crawler.app; sourceTree = BUILT_PRODUCTS_DIR; };
		83E2FD4A2771D962001DC670 /* CrawlerApp.swift */ = {isa = PBXFileReference; lastKnownFileType = sourcecode.swift; path = CrawlerApp.swift; sourceTree = "<group>"; };
		83E2FD4C2771D962001DC670 /* ContentView.swift */ = {isa = PBXFileReference; lastKnownFileType = sourcecode.swift; path = ContentView.swift; sourceTree = "<group>"; };
		83E2FD4E2771D963001DC670 /* Assets.xcassets */ = {isa = PBXFileReference; lastKnownFileType = folder.assetcatalog; path = Assets.xcassets; sourceTree = "<group>"; };
		83E2FD512771D963001DC670 /* Preview Assets.xcassets */ = {isa = PBXFileReference; lastKnownFileType = folder.assetcatalog; path = "Preview Assets.xcassets"; sourceTree = "<group>"; };
		83E2FD532771D963001DC670 /* Crawler.entitlements */ = {isa = PBXFileReference; lastKnownFileType = text.plist.entitlements; path = Crawler.entitlements; sourceTree = "<group>"; };
		83E2FD582771D963001DC670 /* CrawlerTests.xctest */ = {isa = PBXFileReference; explicitFileType = wrapper.cfbundle; includeInIndex = 0; path = CrawlerTests.xctest; sourceTree = BUILT_PRODUCTS_DIR; };
		83E2FD5C2771D963001DC670 /* CrawlerTests.swift */ = {isa = PBXFileReference; lastKnownFileType = sourcecode.swift; path = CrawlerTests.swift; sourceTree = "<group>"; };
		83E2FD622771D963001DC670 /* CrawlerUITests.xctest */ = {isa = PBXFileReference; explicitFileType = wrapper.cfbundle; includeInIndex = 0; path = CrawlerUITests.xctest; sourceTree = BUILT_PRODUCTS_DIR; };
		83E2FD662771D963001DC670 /* CrawlerUITests.swift */ = {isa = PBXFileReference; lastKnownFileType = sourcecode.swift; path = CrawlerUITests.swift; sourceTree = "<group>"; };
		83E2FD682771D963001DC670 /* CrawlerUITestsLaunchTests.swift */ = {isa = PBXFileReference; lastKnownFileType = sourcecode.swift; path = CrawlerUITestsLaunchTests.swift; sourceTree = "<group>"; };
		83E2FD752771D977001DC670 /* Crawler.swift */ = {isa = PBXFileReference; lastKnownFileType = sourcecode.swift; path = Crawler.swift; sourceTree = "<group>"; };
/* End PBXFileReference section */

/* Begin PBXFrameworksBuildPhase section */
		83E2FD442771D962001DC670 /* Frameworks */ = {
			isa = PBXFrameworksBuildPhase;
			buildActionMask = 2147483647;
			files = (
			);
			runOnlyForDeploymentPostprocessing = 0;
		};
		83E2FD552771D963001DC670 /* Frameworks */ = {
			isa = PBXFrameworksBuildPhase;
			buildActionMask = 2147483647;
			files = (
			);
			runOnlyForDeploymentPostprocessing = 0;
		};
		83E2FD5F2771D963001DC670 /* Frameworks */ = {
			isa = PBXFrameworksBuildPhase;
			buildActionMask = 2147483647;
			files = (
			);
			runOnlyForDeploymentPostprocessing = 0;
		};
/* End PBXFrameworksBuildPhase section */

/* Begin PBXGroup section */
		83E2FD3E2771D962001DC670 = {
			isa = PBXGroup;
			children = (
				83E2FD492771D962001DC670 /* Crawler */,
				83E2FD5B2771D963001DC670 /* CrawlerTests */,
				83E2FD652771D963001DC670 /* CrawlerUITests */,
				83E2FD482771D962001DC670 /* Products */,
			);
			sourceTree = "<group>";
		};
		83E2FD482771D962001DC670 /* Products */ = {
			isa = PBXGroup;
			children = (
				83E2FD472771D962001DC670 /* Crawler.app */,
				83E2FD582771D963001DC670 /* CrawlerTests.xctest */,
				83E2FD622771D963001DC670 /* CrawlerUITests.xctest */,
			);
			name = Products;
			sourceTree = "<group>";
		};
		83E2FD492771D962001DC670 /* Crawler */ = {
			isa = PBXGroup;
			children = (
				83E2FD4A2771D962001DC670 /* CrawlerApp.swift */,
				83E2FD4C2771D962001DC670 /* ContentView.swift */,
				83E2FD752771D977001DC670 /* Crawler.swift */,
				83E2FD4E2771D963001DC670 /* Assets.xcassets */,
				83E2FD532771D963001DC670 /* Crawler.entitlements */,
				83E2FD502771D963001DC670 /* Preview Content */,
			);
			path = Crawler;
			sourceTree = "<group>";
		};
		83E2FD502771D963001DC670 /* Preview Content */ = {
			isa = PBXGroup;
			children = (
				83E2FD512771D963001DC670 /* Preview Assets.xcassets */,
			);
			path = "Preview Content";
			sourceTree = "<group>";
		};
		83E2FD5B2771D963001DC670 /* CrawlerTests */ = {
			isa = PBXGroup;
			children = (
				83E2FD5C2771D963001DC670 /* CrawlerTests.swift */,
			);
			path = CrawlerTests;
			sourceTree = "<group>";
		};
		83E2FD652771D963001DC670 /* CrawlerUITests */ = {
			isa = PBXGroup;
			children = (
				83E2FD662771D963001DC670 /* CrawlerUITests.swift */,
				83E2FD682771D963001DC670 /* CrawlerUITestsLaunchTests.swift */,
			);
			path = CrawlerUITests;
			sourceTree = "<group>";
		};
/* End PBXGroup section */

/* Begin PBXNativeTarget section */
		83E2FD462771D962001DC670 /* Crawler */ = {
			isa = PBXNativeTarget;
			buildConfigurationList = 83E2FD6C2771D963001DC670 /* Build configuration list for PBXNativeTarget "Crawler" */;
			buildPhases = (
				83E2FD432771D962001DC670 /* Sources */,
				83E2FD442771D962001DC670 /* Frameworks */,
				83E2FD452771D962001DC670 /* Resources */,
			);
			buildRules = (
			);
			dependencies = (
			);
			name = Crawler;
			productName = Crawler;
			productReference = 83E2FD472771D962001DC670 /* Crawler.app */;
			productType = "com.apple.product-type.application";
		};
		83E2FD572771D963001DC670 /* CrawlerTests */ = {
			isa = PBXNativeTarget;
			buildConfigurationList = 83E2FD6F2771D963001DC670 /* Build configuration list for PBXNativeTarget "CrawlerTests" */;
			buildPhases = (
				83E2FD542771D963001DC670 /* Sources */,
				83E2FD552771D963001DC670 /* Frameworks */,
				83E2FD562771D963001DC670 /* Resources */,
			);
			buildRules = (
			);
			dependencies = (
				83E2FD5A2771D963001DC670 /* PBXTargetDependency */,
			);
			name = CrawlerTests;
			productName = CrawlerTests;
			productReference = 83E2FD582771D963001DC670 /* CrawlerTests.xctest */;
			productType = "com.apple.product-type.bundle.unit-test";
		};
		83E2FD612771D963001DC670 /* CrawlerUITests */ = {
			isa = PBXNativeTarget;
			buildConfigurationList = 83E2FD722771D963001DC670 /* Build configuration list for PBXNativeTarget "CrawlerUITests" */;
			buildPhases = (
				83E2FD5E2771D963001DC670 /* Sources */,
				83E2FD5F2771D963001DC670 /* Frameworks */,
				83E2FD602771D963001DC670 /* Resources */,
			);
			buildRules = (
			);
			dependencies = (
				83E2FD642771D963001DC670 /* PBXTargetDependency */,
			);
			name = CrawlerUITests;
			productName = CrawlerUITests;
			productReference = 83E2FD622771D963001DC670 /* CrawlerUITests.xctest */;
			productType = "com.apple.product-type.bundle.ui-testing";
		};
/* End PBXNativeTarget section */

/* Begin PBXProject section */
		83E2FD3F2771D962001DC670 /* Project object */ = {
			isa = PBXProject;
			attributes = {
				BuildIndependentTargetsInParallel = 1;
				LastSwiftUpdateCheck = 1320;
				LastUpgradeCheck = 1320;
				TargetAttributes = {
					83E2FD462771D962001DC670 = {
						CreatedOnToolsVersion = 13.2.1;
					};
					83E2FD572771D963001DC670 = {
						CreatedOnToolsVersion = 13.2.1;
						TestTargetID = 83E2FD462771D962001DC670;
					};
					83E2FD612771D963001DC670 = {
						CreatedOnToolsVersion = 13.2.1;
						TestTargetID = 83E2FD462771D962001DC670;
					};
				};
			};
			buildConfigurationList = 83E2FD422771D962001DC670 /* Build configuration list for PBXProject "Crawler" */;
			compatibilityVersion = "Xcode 13.0";
			developmentRegion = en;
			hasScannedForEncodings = 0;
			knownRegions = (
				en,
				Base,
			);
			mainGroup = 83E2FD3E2771D962001DC670;
			productRefGroup = 83E2FD482771D962001DC670 /* Products */;
			projectDirPath = "";
			projectRoot = "";
			targets = (
				83E2FD462771D962001DC670 /* Crawler */,
				83E2FD572771D963001DC670 /* CrawlerTests */,
				83E2FD612771D963001DC670 /* CrawlerUITests */,
			);
		};
/* End PBXProject section */

/* Begin PBXResourcesBuildPhase section */
		83E2FD452771D962001DC670 /* Resources */ = {
			isa = PBXResourcesBuildPhase;
			buildActionMask = 2147483647;
			files = (
				83E2FD522771D963001DC670 /* Preview Assets.xcassets in Resources */,
				83E2FD4F2771D963001DC670 /* Assets.xcassets in Resources */,
			);
			runOnlyForDeploymentPostprocessing = 0;
		};
		83E2FD562771D963001DC670 /* Resources */ = {
			isa = PBXResourcesBuildPhase;
			buildActionMask = 2147483647;
			files = (
			);
			runOnlyForDeploymentPostprocessing = 0;
		};
		83E2FD602771D963001DC670 /* Resources */ = {
			isa = PBXResourcesBuildPhase;
			buildActionMask = 2147483647;
			files = (
			);
			runOnlyForDeploymentPostprocessing = 0;
		};
/* End PBXResourcesBuildPhase section */

/* Begin PBXSourcesBuildPhase section */
		83E2FD432771D962001DC670 /* Sources */ = {
			isa = PBXSourcesBuildPhase;
			buildActionMask = 2147483647;
			files = (
				83E2FD762771D977001DC670 /* Crawler.swift in Sources */,
				83E2FD4D2771D962001DC670 /* ContentView.swift in Sources */,
				83E2FD4B2771D962001DC670 /* CrawlerApp.swift in Sources */,
			);
			runOnlyForDeploymentPostprocessing = 0;
		};
		83E2FD542771D963001DC670 /* Sources */ = {
			isa = PBXSourcesBuildPhase;
			buildActionMask = 2147483647;
			files = (
				83E2FD5D2771D963001DC670 /* CrawlerTests.swift in Sources */,
			);
			runOnlyForDeploymentPostprocessing = 0;
		};
		83E2FD5E2771D963001DC670 /* Sources */ = {
			isa = PBXSourcesBuildPhase;
			buildActionMask = 2147483647;
			files = (
				83E2FD672771D963001DC670 /* CrawlerUITests.swift in Sources */,
				83E2FD692771D963001DC670 /* CrawlerUITestsLaunchTests.swift in Sources */,
			);
			runOnlyForDeploymentPostprocessing = 0;
		};
/* End PBXSourcesBuildPhase section */

/* Begin PBXTargetDependency section */
		83E2FD5A2771D963001DC670 /* PBXTargetDependency */ = {
			isa = PBXTargetDependency;
			target = 83E2FD462771D962001DC670 /* Crawler */;
			targetProxy = 83E2FD592771D963001DC670 /* PBXContainerItemProxy */;
		};
		83E2FD642771D963001DC670 /* PBXTargetDependency */ = {
			isa = PBXTargetDependency;
			target = 83E2FD462771D962001DC670 /* Crawler */;
			targetProxy = 83E2FD632771D963001DC670 /* PBXContainerItemProxy */;
		};
/* End PBXTargetDependency section */

/* Begin XCBuildConfiguration section */
		83E2FD6A2771D963001DC670 /* Debug */ = {
			isa = XCBuildConfiguration;
			buildSettings = {
				ALWAYS_SEARCH_USER_PATHS = NO;
				CLANG_ANALYZER_NONNULL = YES;
				CLANG_ANALYZER_NUMBER_OBJECT_CONVERSION = YES_AGGRESSIVE;
				CLANG_CXX_LANGUAGE_STANDARD = "gnu++17";
				CLANG_CXX_LIBRARY = "libc++";
				CLANG_ENABLE_MODULES = YES;
				CLANG_ENABLE_OBJC_ARC = YES;
				CLANG_ENABLE_OBJC_WEAK = YES;
				CLANG_WARN_BLOCK_CAPTURE_AUTORELEASING = YES;
				CLANG_WARN_BOOL_CONVERSION = YES;
				CLANG_WARN_COMMA = YES;
				CLANG_WARN_CONSTANT_CONVERSION = YES;
				CLANG_WARN_DEPRECATED_OBJC_IMPLEMENTATIONS = YES;
				CLANG_WARN_DIRECT_OBJC_ISA_USAGE = YES_ERROR;
				CLANG_WARN_DOCUMENTATION_COMMENTS = YES;
				CLANG_WARN_EMPTY_BODY = YES;
				CLANG_WARN_ENUM_CONVERSION = YES;
				CLANG_WARN_INFINITE_RECURSION = YES;
				CLANG_WARN_INT_CONVERSION = YES;
				CLANG_WARN_NON_LITERAL_NULL_CONVERSION = YES;
				CLANG_WARN_OBJC_IMPLICIT_RETAIN_SELF = YES;
				CLANG_WARN_OBJC_LITERAL_CONVERSION = YES;
				CLANG_WARN_OBJC_ROOT_CLASS = YES_ERROR;
				CLANG_WARN_QUOTED_INCLUDE_IN_FRAMEWORK_HEADER = YES;
				CLANG_WARN_RANGE_LOOP_ANALYSIS = YES;
				CLANG_WARN_STRICT_PROTOTYPES = YES;
				CLANG_WARN_SUSPICIOUS_MOVE = YES;
				CLANG_WARN_UNGUARDED_AVAILABILITY = YES_AGGRESSIVE;
				CLANG_WARN_UNREACHABLE_CODE = YES;
				CLANG_WARN__DUPLICATE_METHOD_MATCH = YES;
				COPY_PHASE_STRIP = NO;
				DEBUG_INFORMATION_FORMAT = dwarf;
				ENABLE_STRICT_OBJC_MSGSEND = YES;
				ENABLE_TESTABILITY = YES;
				GCC_C_LANGUAGE_STANDARD = gnu11;
				GCC_DYNAMIC_NO_PIC = NO;
				GCC_NO_COMMON_BLOCKS = YES;
				GCC_OPTIMIZATION_LEVEL = 0;
				GCC_PREPROCESSOR_DEFINITIONS = (
					"DEBUG=1",
					"$(inherited)",
				);
				GCC_WARN_64_TO_32_BIT_CONVERSION = YES;
				GCC_WARN_ABOUT_RETURN_TYPE = YES_ERROR;
				GCC_WARN_UNDECLARED_SELECTOR = YES;
				GCC_WARN_UNINITIALIZED_AUTOS = YES_AGGRESSIVE;
				GCC_WARN_UNUSED_FUNCTION = YES;
				GCC_WARN_UNUSED_VARIABLE = YES;
				MACOSX_DEPLOYMENT_TARGET = 12.0;
				MTL_ENABLE_DEBUG_INFO = INCLUDE_SOURCE;
				MTL_FAST_MATH = YES;
				ONLY_ACTIVE_ARCH = YES;
				SDKROOT = macosx;
				SWIFT_ACTIVE_COMPILATION_CONDITIONS = DEBUG;
				SWIFT_OPTIMIZATION_LEVEL = "-Onone";
			};
			name = Debug;
		};
		83E2FD6B2771D963001DC670 /* Release */ = {
			isa = XCBuildConfiguration;
			buildSettings = {
				ALWAYS_SEARCH_USER_PATHS = NO;
				CLANG_ANALYZER_NONNULL = YES;
				CLANG_ANALYZER_NUMBER_OBJECT_CONVERSION = YES_AGGRESSIVE;
				CLANG_CXX_LANGUAGE_STANDARD = "gnu++17";
				CLANG_CXX_LIBRARY = "libc++";
				CLANG_ENABLE_MODULES = YES;
				CLANG_ENABLE_OBJC_ARC = YES;
				CLANG_ENABLE_OBJC_WEAK = YES;
				CLANG_WARN_BLOCK_CAPTURE_AUTORELEASING = YES;
				CLANG_WARN_BOOL_CONVERSION = YES;
				CLANG_WARN_COMMA = YES;
				CLANG_WARN_CONSTANT_CONVERSION = YES;
				CLANG_WARN_DEPRECATED_OBJC_IMPLEMENTATIONS = YES;
				CLANG_WARN_DIRECT_OBJC_ISA_USAGE = YES_ERROR;
				CLANG_WARN_DOCUMENTATION_COMMENTS = YES;
				CLANG_WARN_EMPTY_BODY = YES;
				CLANG_WARN_ENUM_CONVERSION = YES;
				CLANG_WARN_INFINITE_RECURSION = YES;
				CLANG_WARN_INT_CONVERSION = YES;
				CLANG_WARN_NON_LITERAL_NULL_CONVERSION = YES;
				CLANG_WARN_OBJC_IMPLICIT_RETAIN_SELF = YES;
				CLANG_WARN_OBJC_LITERAL_CONVERSION = YES;
				CLANG_WARN_OBJC_ROOT_CLASS = YES_ERROR;
				CLANG_WARN_QUOTED_INCLUDE_IN_FRAMEWORK_HEADER = YES;
				CLANG_WARN_RANGE_LOOP_ANALYSIS = YES;
				CLANG_WARN_STRICT_PROTOTYPES = YES;
				CLANG_WARN_SUSPICIOUS_MOVE = YES;
				CLANG_WARN_UNGUARDED_AVAILABILITY = YES_AGGRESSIVE;
				CLANG_WARN_UNREACHABLE_CODE = YES;
				CLANG_WARN__DUPLICATE_METHOD_MATCH = YES;
				COPY_PHASE_STRIP = NO;
				DEBUG_INFORMATION_FORMAT = "dwarf-with-dsym";
				ENABLE_NS_ASSERTIONS = NO;
				ENABLE_STRICT_OBJC_MSGSEND = YES;
				GCC_C_LANGUAGE_STANDARD = gnu11;
				GCC_NO_COMMON_BLOCKS = YES;
				GCC_WARN_64_TO_32_BIT_CONVERSION = YES;
				GCC_WARN_ABOUT_RETURN_TYPE = YES_ERROR;
				GCC_WARN_UNDECLARED_SELECTOR = YES;
				GCC_WARN_UNINITIALIZED_AUTOS = YES_AGGRESSIVE;
				GCC_WARN_UNUSED_FUNCTION = YES;
				GCC_WARN_UNUSED_VARIABLE = YES;
				MACOSX_DEPLOYMENT_TARGET = 12.0;
				MTL_ENABLE_DEBUG_INFO = NO;
				MTL_FAST_MATH = YES;
				SDKROOT = macosx;
				SWIFT_COMPILATION_MODE = wholemodule;
				SWIFT_OPTIMIZATION_LEVEL = "-O";
			};
			name = Release;
		};
		83E2FD6D2771D963001DC670 /* Debug */ = {
			isa = XCBuildConfiguration;
			buildSettings = {
				ASSETCATALOG_COMPILER_APPICON_NAME = AppIcon;
				ASSETCATALOG_COMPILER_GLOBAL_ACCENT_COLOR_NAME = AccentColor;
				CODE_SIGN_ENTITLEMENTS = Crawler/Crawler.entitlements;
				CODE_SIGN_STYLE = Automatic;
				COMBINE_HIDPI_IMAGES = YES;
				CURRENT_PROJECT_VERSION = 1;
				DEVELOPMENT_ASSET_PATHS = "\"Crawler/Preview Content\"";
				DEVELOPMENT_TEAM = 58PSC9526Y;
				ENABLE_HARDENED_RUNTIME = YES;
				ENABLE_PREVIEWS = YES;
				GENERATE_INFOPLIST_FILE = YES;
				INFOPLIST_KEY_NSHumanReadableCopyright = "";
				LD_RUNPATH_SEARCH_PATHS = (
					"$(inherited)",
					"@executable_path/../Frameworks",
				);
				MARKETING_VERSION = 1.0;
				OTHER_SWIFT_FLAGS = "-Xfrontend -warn-concurrency -Xfrontend -enable-actor-data-race-checks";
				PRODUCT_BUNDLE_IDENTIFIER = io.objc.Crawler;
				PRODUCT_NAME = "$(TARGET_NAME)";
				SWIFT_EMIT_LOC_STRINGS = YES;
				SWIFT_VERSION = 5.0;
			};
			name = Debug;
		};
		83E2FD6E2771D963001DC670 /* Release */ = {
			isa = XCBuildConfiguration;
			buildSettings = {
				ASSETCATALOG_COMPILER_APPICON_NAME = AppIcon;
				ASSETCATALOG_COMPILER_GLOBAL_ACCENT_COLOR_NAME = AccentColor;
				CODE_SIGN_ENTITLEMENTS = Crawler/Crawler.entitlements;
				CODE_SIGN_STYLE = Automatic;
				COMBINE_HIDPI_IMAGES = YES;
				CURRENT_PROJECT_VERSION = 1;
				DEVELOPMENT_ASSET_PATHS = "\"Crawler/Preview Content\"";
				DEVELOPMENT_TEAM = 58PSC9526Y;
				ENABLE_HARDENED_RUNTIME = YES;
				ENABLE_PREVIEWS = YES;
				GENERATE_INFOPLIST_FILE = YES;
				INFOPLIST_KEY_NSHumanReadableCopyright = "";
				LD_RUNPATH_SEARCH_PATHS = (
					"$(inherited)",
					"@executable_path/../Frameworks",
				);
				MARKETING_VERSION = 1.0;
				OTHER_SWIFT_FLAGS = "-Xfrontend -warn-concurrency -Xfrontend -enable-actor-data-race-checks";
				PRODUCT_BUNDLE_IDENTIFIER = io.objc.Crawler;
				PRODUCT_NAME = "$(TARGET_NAME)";
				SWIFT_EMIT_LOC_STRINGS = YES;
				SWIFT_VERSION = 5.0;
			};
			name = Release;
		};
		83E2FD702771D963001DC670 /* Debug */ = {
			isa = XCBuildConfiguration;
			buildSettings = {
				ALWAYS_EMBED_SWIFT_STANDARD_LIBRARIES = YES;
				BUNDLE_LOADER = "$(TEST_HOST)";
				CODE_SIGN_STYLE = Automatic;
				CURRENT_PROJECT_VERSION = 1;
				DEVELOPMENT_TEAM = 58PSC9526Y;
				GENERATE_INFOPLIST_FILE = YES;
				MACOSX_DEPLOYMENT_TARGET = 12.0;
				MARKETING_VERSION = 1.0;
				PRODUCT_BUNDLE_IDENTIFIER = io.objc.CrawlerTests;
				PRODUCT_NAME = "$(TARGET_NAME)";
				SWIFT_EMIT_LOC_STRINGS = NO;
				SWIFT_VERSION = 5.0;
				TEST_HOST = "$(BUILT_PRODUCTS_DIR)/Crawler.app/Contents/MacOS/Crawler";
			};
			name = Debug;
		};
		83E2FD712771D963001DC670 /* Release */ = {
			isa = XCBuildConfiguration;
			buildSettings = {
				ALWAYS_EMBED_SWIFT_STANDARD_LIBRARIES = YES;
				BUNDLE_LOADER = "$(TEST_HOST)";
				CODE_SIGN_STYLE = Automatic;
				CURRENT_PROJECT_VERSION = 1;
				DEVELOPMENT_TEAM = 58PSC9526Y;
				GENERATE_INFOPLIST_FILE = YES;
				MACOSX_DEPLOYMENT_TARGET = 12.0;
				MARKETING_VERSION = 1.0;
				PRODUCT_BUNDLE_IDENTIFIER = io.objc.CrawlerTests;
				PRODUCT_NAME = "$(TARGET_NAME)";
				SWIFT_EMIT_LOC_STRINGS = NO;
				SWIFT_VERSION = 5.0;
				TEST_HOST = "$(BUILT_PRODUCTS_DIR)/Crawler.app/Contents/MacOS/Crawler";
			};
			name = Release;
		};
		83E2FD732771D963001DC670 /* Debug */ = {
			isa = XCBuildConfiguration;
			buildSettings = {
				ALWAYS_EMBED_SWIFT_STANDARD_LIBRARIES = YES;
				CODE_SIGN_STYLE = Automatic;
				CURRENT_PROJECT_VERSION = 1;
				DEVELOPMENT_TEAM = 58PSC9526Y;
				GENERATE_INFOPLIST_FILE = YES;
				MARKETING_VERSION = 1.0;
				PRODUCT_BUNDLE_IDENTIFIER = io.objc.CrawlerUITests;
				PRODUCT_NAME = "$(TARGET_NAME)";
				SWIFT_EMIT_LOC_STRINGS = NO;
				SWIFT_VERSION = 5.0;
				TEST_TARGET_NAME = Crawler;
			};
			name = Debug;
		};
		83E2FD742771D963001DC670 /* Release */ = {
			isa = XCBuildConfiguration;
			buildSettings = {
				ALWAYS_EMBED_SWIFT_STANDARD_LIBRARIES = YES;
				CODE_SIGN_STYLE = Automatic;
				CURRENT_PROJECT_VERSION = 1;
				DEVELOPMENT_TEAM = 58PSC9526Y;
				GENERATE_INFOPLIST_FILE = YES;
				MARKETING_VERSION = 1.0;
				PRODUCT_BUNDLE_IDENTIFIER = io.objc.CrawlerUITests;
				PRODUCT_NAME = "$(TARGET_NAME)";
				SWIFT_EMIT_LOC_STRINGS = NO;
				SWIFT_VERSION = 5.0;
				TEST_TARGET_NAME = Crawler;
			};
			name = Release;
		};
/* End XCBuildConfiguration section */

/* Begin XCConfigurationList section */
		83E2FD422771D962001DC670 /* Build configuration list for PBXProject "Crawler" */ = {
			isa = XCConfigurationList;
			buildConfigurations = (
				83E2FD6A2771D963001DC670 /* Debug */,
				83E2FD6B2771D963001DC670 /* Release */,
			);
			defaultConfigurationIsVisible = 0;
			defaultConfigurationName = Release;
		};
		83E2FD6C2771D963001DC670 /* Build configuration list for PBXNativeTarget "Crawler" */ = {
			isa = XCConfigurationList;
			buildConfigurations = (
				83E2FD6D2771D963001DC670 /* Debug */,
				83E2FD6E2771D963001DC670 /* Release */,
			);
			defaultConfigurationIsVisible = 0;
			defaultConfigurationName = Release;
		};
		83E2FD6F2771D963001DC670 /* Build configuration list for PBXNativeTarget "CrawlerTests" */ = {
			isa = XCConfigurationList;
			buildConfigurations = (
				83E2FD702771D963001DC670 /* Debug */,
				83E2FD712771D963001DC670 /* Release */,
			);
			defaultConfigurationIsVisible = 0;
			defaultConfigurationName = Release;
		};
		83E2FD722771D963001DC670 /* Build configuration list for PBXNativeTarget "CrawlerUITests" */ = {
			isa = XCConfigurationList;
			buildConfigurations = (
				83E2FD732771D963001DC670 /* Debug */,
				83E2FD742771D963001DC670 /* Release */,
			);
			defaultConfigurationIsVisible = 0;
			defaultConfigurationName = Release;
		};
/* End XCConfigurationList section */
	};
	rootObject = 83E2FD3F2771D962001DC670 /* Project object */;
}
